
Microsoft Visual Studio Solution File, Format Version 12.00
# Visual Studio Version 16
VisualStudioVersion = 16.0.31129.286
MinimumVisualStudioVersion = 10.0.40219.1
Project("{FAE04EC0-301F-11D3-BF4B-00C04F79EFBC}") = "coremvc", "coremvc\coremvc.csproj", "{E8F89552-329D-4AE1-991C-4F6F3CDF6DDA}"
EndProject
Global
	GlobalSection(SolutionConfigurationPlatforms) = preSolution
		Debug|Any CPU = Debug|Any CPU
		Release|Any CPU = Release|Any CPU
	EndGlobalSection
	GlobalSection(ProjectConfigurationPlatforms) = postSolution
		{E8F89552-329D-4AE1-991C-4F6F3CDF6DDA}.Debug|Any CPU.ActiveCfg = Debug|Any CPU
		{E8F89552-329D-4AE1-991C-4F6F3CDF6DDA}.Debug|Any CPU.Build.0 = Debug|Any CPU
		{E8F89552-329D-4AE1-991C-4F6F3CDF6DDA}.Release|Any CPU.ActiveCfg = Release|Any CPU
		{E8F89552-329D-4AE1-991C-4F6F3CDF6DDA}.Release|Any CPU.Build.0 = Release|Any CPU
	EndGlobalSection
	GlobalSection(SolutionProperties) = preSolution
		HideSolutionNode = FALSE
	EndGlobalSection
	GlobalSection(ExtensibilityGlobals) = postSolution
		SolutionGuid = {B7E5FD9D-6313-4AE9-A59C-531A7205CC3C}
	EndGlobalSection
EndGlobal
